mako==1.2.3 \
    --hash=sha256:6204c5aa05616e48f8eb00363d9b3eabe1d661f71db4d5d728b0ea776239b043 \
    --hash=sha256:aabd35c02c95486717b84d08632c0b81781cf218f3ccd0ffb0b45dde43dcb193
markupsafe==2.0.1 \
    --hash=sha256:1bac105f0f04866a3bac3d7fbf3037196baae3913e3760eff413e82a0e2fc7a3 \
    --hash=sha256:1e313fe427e655839db2d1306cb538f0743e2d94432f993f71efba44d7fce3af \
    --hash=sha256:336f1b8a800b1c519894dc9113176ede3197fdb2e0a137b0857d32918e72d555 \
    --hash=sha256:362632f57742c52111d2738aa81a44f6c95cc7b03350f7e5c48659f9a13a4c5e \
    --hash=sha256:3bfd2f3258e0d63aad144daca95cec4b827124df9c5b6f67174ccf642f4e7ffc \
    --hash=sha256:56b6e1a1f2af8eaf736d0b0050d25317f3ccd84e7481b91d46634b2e40b8a2a5 \
    --hash=sha256:5f4babd3c251f863ccc8a1169b514195da1575591c7e7403ebf2905a1f6e731e \
    --hash=sha256:6540dd5720e3a75ae0135c7c47c7095de8860f2240aee6d0ca30ef464951cde2 \
    --hash=sha256:70e5d6a7e7a754adaf6f2185ad9eb21dd1e0e639605247026359d1cf79a9bdde \
    --hash=sha256:75bc2835480e13cf1aa5de7581e3820dbb0c745982a92f6fdbd12dfda620b80f \
    --hash=sha256:a28a9b5c8edb7dee75aa31b2921492d038a2595e3c266f805586525aa8583c67 \
    --hash=sha256:b4d7f4fd2365ec8d94570cdee4ae47d25c99ce3aeb8c98b6e26cc986644319db \
    --hash=sha256:cff0ee84d3113cdf5587b5d1cbc8360b9e41a23e85581a8d3759a07f5b9887b9 \
    --hash=sha256:dfcb9a5e5bdd422b3844f199ee17ac27c6906dca4c1dbf6eb7c5f75e04ab8824 \
    --hash=sha256:e008ac2aead2d5131281111c7709db0ae560f743cc72c4dda177a1ac20bc7543 \
    --hash=sha256:e07772824590d8f6f68c85691e3cadbcf2d57511437d685577179596e24c1350 \
    --hash=sha256:f033c3917c9a51ca4b1f431e96fed1ae720e20698d32324ab80e083543af32e4
    # via mako
psutil==5.8.0+chromium.3 \
    --hash=sha256:0414d09ff0e351534cec610ea7abb69293c3247d85957cb8ca9079b25dcee9aa \
    --hash=sha256:14353392ca62cfd804920a31453f4d05fa076c18bd093c2e7bcef767f14c4e9c \
    --hash=sha256:23010beb4d80ad1c52412fbc42b22dac29075de4c251c4f59e88393556359a03 \
    --hash=sha256:241ced5e39bf21b8262cba00e308d36e0a55b55bda72a4bc6a275e97c4bd6076 \
    --hash=sha256:2e46f6c91650281a318edf1fa0303115316e9a18d1753331647cbe6a54992094 \
    --hash=sha256:4775397151e9cf7ce7ba74d0c503e7ae7524647ca61b3cbb9ec074e455ae641b \
    --hash=sha256:4c17e9d514baf04be368fabba7b7b5d939612f7918b86cbd29a69893eabc3bd7 \
    --hash=sha256:55c5e6a6a9f224cb33780838dce6aa9ba76b417321a77e4aacec1340b42f8d4e \
    --hash=sha256:7ab874691912e8ea195df7b205839db956eea8524f2f735017e8f441557cfd38 \
    --hash=sha256:9e1b2514a57cfb6134e10e2292f7cc57b5268161603236b5c4d8b267d35477f7 \
    --hash=sha256:a066d6d1ea231e91653d80c8cd12f1df1c9efa69c00ca5beda3ff91dabf32a4f \
    --hash=sha256:ad7b79a159498273acbef1a629da7c413d7aa1485570d7e41de7124f6b59305e \
    --hash=sha256:c8280cd87abc40fa29973d0b44c8ef89ff39d4b13ad423a02ddeebf72f10ce61 \
    --hash=sha256:ce110dfcdd5f158c3ba9e3a7965263afcbb4b8427115f760624585ae5bd9ee49 \
    --hash=sha256:d37cb319de52e7c194dbc6f432910105268f07f94c659d3c097b96c59c94311f \
    --hash=sha256:d67e2c738ea14d2594a7af88730c6e48504aff57e466e41df62e15ef8b9fe0c5 \
    --hash=sha256:e26d6129298d2aa99cf805aa81ffb76e33d9a1a12dfc0653b4c893423aeea37d
pyyaml==5.4.1+chromium.1 ; platform_machine == 'x86_64' and sys_platform == 'linux' \
    --hash=sha256:30943bf7ffc77849ab34b0c9a0bfdd2841d6cfef80a048443088c3981c3b7454 \
    --hash=sha256:30943bf7ffc77849ab34b0c9a0bfdd2841d6cfef80a048443088c3981c3b7454 \
    --hash=sha256:34de1c37474ed237b506bed193c3aa961136fb6c56d43c731b639a4658a561c7 \
    --hash=sha256:3bb84571b42414183e96cc560b602c0b907174dc2ca45bfe28e53371d34a3573 \
    --hash=sha256:3bf690dd33f9adb2493b54eed0eccedbb5dac7c38977dafbd6c5aaff4c2b9e72 \
    --hash=sha256:4db0e513d46d3feedff69b33fb4093a899396b6795b790d9b1a9ed84c9de9b83 \
    --hash=sha256:5cd00e9800df4255d79711cdfd039d957c5a06521ee6e4068efceca9ce09c333 \
    --hash=sha256:5ef917f3c0447944e3c6a2d6feb7e4c96cadc912436e0bec593d6676438723e9 \
    --hash=sha256:846e35c9c099b8d9a0b3c4c37444ef38dc9fbf9596f485565cdfa8b6bf33b8a4 \
    --hash=sha256:9626a7a5bbf3ba01f18eeb6dab7e1a8218bc554a5425103335ed726421f16dac \
    --hash=sha256:a757e3dbf41d474b343a1c9300051aad6857ba811a5b0844b229c9a81302b3e4 \
    --hash=sha256:d3624a91bf9acba3a3753052056d59012ee303bba33685d9332077d0029fadbf \
    --hash=sha256:d3624a91bf9acba3a3753052056d59012ee303bba33685d9332077d0029fadbf \
    --hash=sha256:d901525f60a95a76c9c7fb87968355e9c76d88b538a84b7319b37219bfa4f37c \
    --hash=sha256:e0f28dad378280bf0bfb1d3019c8b1dee1894f138f09643a10362235d3495be1 \
    --hash=sha256:ed50a1341d0580c1ee4f8e381beb56d141df93ab1690fbe9d6b49df55215f318
