{
	"lucicfg": "1.46.2",
	"packages": [
		{
			"name": "@dawn-project",
			"deps": [
				"@chromium-luci",
				"@chromium-targets"
			],
			"lucicfg": "1.45.6",
			"resources": [
				"milestones.json"
			],
			"entrypoints": [
				"main.star"
			]
		},
		{
			"name": "@chromium-luci",
			"source": {
				"repo": "https://chromium.googlesource.com/infra/chromium/+/refs/heads/main",
				"revision": "8c0ad4ba2dc0a7f10a34376a631159162a823eeb",
				"path": "starlark-libs/chromium-luci"
			},
			"lucicfg": "1.46.1"
		},
		{
			"name": "@chromium-targets",
			"source": {
				"repo": "https://chromium.googlesource.com/chromium/src/+/refs/heads/main",
				"revision": "713f8bc9d6e50cfd9fb92c8339922bfd9b73f752",
				"path": "infra/config/targets"
			},
			"deps": [
				"@chromium-luci"
			],
			"lucicfg": "1.46.1"
		}
	]
}
