{
	"lucicfg": "1.46.6",
	"packages": [
		{
			"name": "@dawn-project",
			"deps": [
				"@chromium-luci",
				"@chromium-targets"
			],
			"lucicfg": "1.45.6",
			"resources": [
				"luci-analysis-dev.cfg",
				"luci-analysis.cfg",
				"luci-bisection-dev.cfg",
				"luci-bisection.cfg",
				"milestones.json"
			],
			"entrypoints": [
				"main.star"
			]
		},
		{
			"name": "@chromium-luci",
			"source": {
				"repo": "https://chromium.googlesource.com/infra/chromium/+/refs/heads/main",
				"revision": "8d5c215367583f0f8723d7d4b850155e2109977e",
				"path": "starlark-libs/chromium-luci"
			},
			"lucicfg": "1.46.1"
		},
		{
			"name": "@chromium-targets",
			"source": {
				"repo": "https://chromium.googlesource.com/chromium/src/+/refs/heads/main",
				"revision": "509f4b528792974df3b8bbfd249892139dabd764",
				"path": "infra/config/targets"
			},
			"deps": [
				"@chromium-luci"
			],
			"lucicfg": "1.46.1"
		}
	]
}
